
Microsoft Visual Studio Solution File, Format Version 12.00
# Visual Studio Version 17
VisualStudioVersion = 17.2.32616.157
MinimumVisualStudioVersion = 10.0.40219.1
Project("{FAE04EC0-301F-11D3-BF4B-00C04F79EFBC}") = "PubSubConsoleApp.publisher", "PubSubConsoleApp\PubSubConsoleApp.publisher.csproj", "{488F1CE0-036A-48FD-9617-18976B38C8F2}"
EndProject
Global
	GlobalSection(SolutionConfigurationPlatforms) = preSolution
		Debug|Any CPU = Debug|Any CPU
		Release|Any CPU = Release|Any CPU
	EndGlobalSection
	GlobalSection(ProjectConfigurationPlatforms) = postSolution
		{488F1CE0-036A-48FD-9617-18976B38C8F2}.Debug|Any CPU.ActiveCfg = Debug|Any CPU
		{488F1CE0-036A-48FD-9617-18976B38C8F2}.Debug|Any CPU.Build.0 = Debug|Any CPU
		{488F1CE0-036A-48FD-9617-18976B38C8F2}.Release|Any CPU.ActiveCfg = Release|Any CPU
		{488F1CE0-036A-48FD-9617-18976B38C8F2}.Release|Any CPU.Build.0 = Release|Any CPU
	EndGlobalSection
	GlobalSection(SolutionProperties) = preSolution
		HideSolutionNode = FALSE
	EndGlobalSection
	GlobalSection(ExtensibilityGlobals) = postSolution
		SolutionGuid = {A25BB21F-E4D4-4774-A2AB-09C72F929CF9}
	EndGlobalSection
EndGlobal
